
Microsoft Visual Studio Solution File, Format Version 12.00
# Visual Studio Version 17
VisualStudioVersion = 17.14.37111.16 d17.14
MinimumVisualStudioVersion = 10.0.40219.1
Project("{FAE04EC0-301F-11D3-BF4B-00C04F79EFBC}") = "MatchAnalyzer", "MatchAnalyzer\MatchAnalyzer.csproj", "{87E81D67-4FB0-46AC-B1B0-EAA2ACFF3204}"
EndProject
Global
	GlobalSection(SolutionConfigurationPlatforms) = preSolution
		Debug|Any CPU = Debug|Any CPU
		Release|Any CPU = Release|Any CPU
	EndGlobalSection
	GlobalSection(ProjectConfigurationPlatforms) = postSolution
		{87E81D67-4FB0-46AC-B1B0-EAA2ACFF3204}.Debug|Any CPU.ActiveCfg = Debug|Any CPU
		{87E81D67-4FB0-46AC-B1B0-EAA2ACFF3204}.Debug|Any CPU.Build.0 = Debug|Any CPU
		{87E81D67-4FB0-46AC-B1B0-EAA2ACFF3204}.Release|Any CPU.ActiveCfg = Release|Any CPU
		{87E81D67-4FB0-46AC-B1B0-EAA2ACFF3204}.Release|Any CPU.Build.0 = Release|Any CPU
	EndGlobalSection
	GlobalSection(SolutionProperties) = preSolution
		HideSolutionNode = FALSE
	EndGlobalSection
	GlobalSection(ExtensibilityGlobals) = postSolution
		SolutionGuid = {7721994E-F427-43AB-9FCC-22133EAC27FB}
	EndGlobalSection
EndGlobal
